
Microsoft Visual Studio Solution File, Format Version 12.00
# Visual Studio 2012
Project("{E24C65DC-7377-472B-9ABA-BC803B73C61A}") = "SoftwareLabProject_FindYourNextHome", "http://localhost:1634", "{66606217-B66D-48A6-9679-BCD757AABE64}"
	ProjectSection(WebsiteProperties) = preProject
		UseIISExpress = "true"
		TargetFrameworkMoniker = ".NETFramework,Version%3Dv4.5"
		Debug.AspNetCompiler.VirtualPath = "/localhost_1634"
		Debug.AspNetCompiler.PhysicalPath = "D:\Programming & Projects\SoftwareLabProject_FindYourNextHome\"
		Debug.AspNetCompiler.TargetPath = "PrecompiledWeb\localhost_1634\"
		Debug.AspNetCompiler.Updateable = "true"
		Debug.AspNetCompiler.ForceOverwrite = "true"
		Debug.AspNetCompiler.FixedNames = "false"
		Debug.AspNetCompiler.Debug = "True"
		Release.AspNetCompiler.VirtualPath = "/localhost_1634"
		Release.AspNetCompiler.PhysicalPath = "D:\Programming & Projects\SoftwareLabProject_FindYourNextHome\"
		Release.AspNetCompiler.TargetPath = "PrecompiledWeb\localhost_1634\"
		Release.AspNetCompiler.Updateable = "true"
		Release.AspNetCompiler.ForceOverwrite = "true"
		Release.AspNetCompiler.FixedNames = "false"
		Release.AspNetCompiler.Debug = "False"
		SlnRelativePath = "D:\Programming & Projects\SoftwareLabProject_FindYourNextHome\"
		DefaultWebSiteLanguage = "Visual C#"
	EndProjectSection
EndProject
Project("{FAE04EC0-301F-11D3-BF4B-00C04F79EFBC}") = "FindYourNextHome", "FindYourNextHome\FindYourNextHome.csproj", "{68CFBF7F-12E6-43C0-8D6D-793CCE077A31}"
EndProject
Global
	GlobalSection(SolutionConfigurationPlatforms) = preSolution
		Debug|Any CPU = Debug|Any CPU
		Release|Any CPU = Release|Any CPU
	EndGlobalSection
	GlobalSection(ProjectConfigurationPlatforms) = postSolution
		{66606217-B66D-48A6-9679-BCD757AABE64}.Debug|Any CPU.ActiveCfg = Debug|Any CPU
		{66606217-B66D-48A6-9679-BCD757AABE64}.Debug|Any CPU.Build.0 = Debug|Any CPU
		{66606217-B66D-48A6-9679-BCD757AABE64}.Release|Any CPU.ActiveCfg = Debug|Any CPU
		{66606217-B66D-48A6-9679-BCD757AABE64}.Release|Any CPU.Build.0 = Debug|Any CPU
		{68CFBF7F-12E6-43C0-8D6D-793CCE077A31}.Debug|Any CPU.ActiveCfg = Debug|Any CPU
		{68CFBF7F-12E6-43C0-8D6D-793CCE077A31}.Debug|Any CPU.Build.0 = Debug|Any CPU
		{68CFBF7F-12E6-43C0-8D6D-793CCE077A31}.Release|Any CPU.ActiveCfg = Release|Any CPU
		{68CFBF7F-12E6-43C0-8D6D-793CCE077A31}.Release|Any CPU.Build.0 = Release|Any CPU
	EndGlobalSection
	GlobalSection(SolutionProperties) = preSolution
		HideSolutionNode = FALSE
	EndGlobalSection
EndGlobal
