
Microsoft Visual Studio Solution File, Format Version 12.00
# Visual Studio 2012
Project("{FAE04EC0-301F-11D3-BF4B-00C04F79EFBC}") = "HomeRentalBD", "HomeRentalBD\HomeRentalBD.csproj", "{02312BE3-F680-4B8C-937D-B96F59F10FEE}"
EndProject
Global
	GlobalSection(SolutionConfigurationPlatforms) = preSolution
		Debug|Any CPU = Debug|Any CPU
		Release|Any CPU = Release|Any CPU
	EndGlobalSection
	GlobalSection(ProjectConfigurationPlatforms) = postSolution
		{02312BE3-F680-4B8C-937D-B96F59F10FEE}.Debug|Any CPU.ActiveCfg = Debug|Any CPU
		{02312BE3-F680-4B8C-937D-B96F59F10FEE}.Debug|Any CPU.Build.0 = Debug|Any CPU
		{02312BE3-F680-4B8C-937D-B96F59F10FEE}.Release|Any CPU.ActiveCfg = Release|Any CPU
		{02312BE3-F680-4B8C-937D-B96F59F10FEE}.Release|Any CPU.Build.0 = Release|Any CPU
	EndGlobalSection
	GlobalSection(SolutionProperties) = preSolution
		HideSolutionNode = FALSE
	EndGlobalSection
EndGlobal
